// !$*UTF8*$!
{
	archiveVersion = 1;
	classes = {
	};
	objectVersion = 56;
	objects = {

/* Begin PBXBuildFile section */
		05E1F44B2C28925F00476B3D /* AppDelegate.swift in Sources */ = {isa = PBXBuildFile; fileRef = 05E1F44A2C28925F00476B3D /* AppDelegate.swift */; };
		05E1F44D2C28925F00476B3D /* SceneDelegate.swift in Sources */ = {isa = PBXBuildFile; fileRef = 05E1F44C2C28925F00476B3D /* SceneDelegate.swift */; };
		05E1F44F2C28925F00476B3D /* ViewController.swift in Sources */ = {isa = PBXBuildFile; fileRef = 05E1F44E2C28925F00476B3D /* ViewController.swift */; };
		05E1F4522C28925F00476B3D /* Base in Resources */ = {isa = PBXBuildFile; fileRef = 05E1F4512C28925F00476B3D /* Base */; };
		05E1F4542C28926000476B3D /* Assets.xcassets in Resources */ = {isa = PBXBuildFile; fileRef = 05E1F4532C28926000476B3D /* Assets.xcassets */; };
		05E1F4572C28926000476B3D /* Base in Resources */ = {isa = PBXBuildFile; fileRef = 05E1F4562C28926000476B3D /* Base */; };
		05E1F4622C28926000476B3D /* Assignment_2Tests.swift in Sources */ = {isa = PBXBuildFile; fileRef = 05E1F4612C28926000476B3D /* Assignment_2Tests.swift */; };
		05E1F46C2C28926000476B3D /* Assignment_2UITests.swift in Sources */ = {isa = PBXBuildFile; fileRef = 05E1F46B2C28926000476B3D /* Assignment_2UITests.swift */; };
		05E1F46E2C28926000476B3D /* Assignment_2UITestsLaunchTests.swift in Sources */ = {isa = PBXBuildFile; fileRef = 05E1F46D2C28926000476B3D /* Assignment_2UITestsLaunchTests.swift */; };
		05E1F47B2C28A40000476B3D /* SecondViewController.swift in Sources */ = {isa = PBXBuildFile; fileRef = 05E1F47A2C28A40000476B3D /* SecondViewController.swift */; };
		05E1F47D2C28B11F00476B3D /* CustomeTableViewCell.swift in Sources */ = {isa = PBXBuildFile; fileRef = 05E1F47C2C28B11F00476B3D /* CustomeTableViewCell.swift */; };
		05E1F47F2C28C55200476B3D /* SpecialTableViewCell.swift in Sources */ = {isa = PBXBuildFile; fileRef = 05E1F47E2C28C55200476B3D /* SpecialTableViewCell.swift */; };
/* End PBXBuildFile section */

/* Begin PBXContainerItemProxy section */
		05E1F45E2C28926000476B3D /* PBXContainerItemProxy */ = {
			isa = PBXContainerItemProxy;
			containerPortal = 05E1F43F2C28925F00476B3D /* Project object */;
			proxyType = 1;
			remoteGlobalIDString = 05E1F4462C28925F00476B3D;
			remoteInfo = Assignment_2;
		};
		05E1F4682C28926000476B3D /* PBXContainerItemProxy */ = {
			isa = PBXContainerItemProxy;
			containerPortal = 05E1F43F2C28925F00476B3D /* Project object */;
			proxyType = 1;
			remoteGlobalIDString = 05E1F4462C28925F00476B3D;
			remoteInfo = Assignment_2;
		};
/* End PBXContainerItemProxy section */

/* Begin PBXFileReference section */
		05E1F4472C28925F00476B3D /* Assignment_2.app */ = {isa = PBXFileReference; explicitFileType = wrapper.application; includeInIndex = 0; path = Assignment_2.app; sourceTree = BUILT_PRODUCTS_DIR; };
		05E1F44A2C28925F00476B3D /* AppDelegate.swift */ = {isa = PBXFileReference; lastKnownFileType = sourcecode.swift; path = AppDelegate.swift; sourceTree = "<group>"; };
		05E1F44C2C28925F00476B3D /* SceneDelegate.swift */ = {isa = PBXFileReference; lastKnownFileType = sourcecode.swift; path = SceneDelegate.swift; sourceTree = "<group>"; };
		05E1F44E2C28925F00476B3D /* ViewController.swift */ = {isa = PBXFileReference; lastKnownFileType = sourcecode.swift; path = ViewController.swift; sourceTree = "<group>"; };
		05E1F4512C28925F00476B3D /* Base */ = {isa = PBXFileReference; lastKnownFileType = file.storyboard; name = Base; path = Base.lproj/Main.storyboard; sourceTree = "<group>"; };
		05E1F4532C28926000476B3D /* Assets.xcassets */ = {isa = PBXFileReference; lastKnownFileType = folder.assetcatalog; path = Assets.xcassets; sourceTree = "<group>"; };
		05E1F4562C28926000476B3D /* Base */ = {isa = PBXFileReference; lastKnownFileType = file.storyboard; name = Base; path = Base.lproj/LaunchScreen.storyboard; sourceTree = "<group>"; };
		05E1F4582C28926000476B3D /* Info.plist */ = {isa = PBXFileReference; lastKnownFileType = text.plist.xml; path = Info.plist; sourceTree = "<group>"; };
		05E1F45D2C28926000476B3D /* Assignment_2Tests.xctest */ = {isa = PBXFileReference; explicitFileType = wrapper.cfbundle; includeInIndex = 0; path = Assignment_2Tests.xctest; sourceTree = BUILT_PRODUCTS_DIR; };
		05E1F4612C28926000476B3D /* Assignment_2Tests.swift */ = {isa = PBXFileReference; lastKnownFileType = sourcecode.swift; path = Assignment_2Tests.swift; sourceTree = "<group>"; };
		05E1F4672C28926000476B3D /* Assignment_2UITests.xctest */ = {isa = PBXFileReference; explicitFileType = wrapper.cfbundle; includeInIndex = 0; path = Assignment_2UITests.xctest; sourceTree = BUILT_PRODUCTS_DIR; };
		05E1F46B2C28926000476B3D /* Assignment_2UITests.swift */ = {isa = PBXFileReference; lastKnownFileType = sourcecode.swift; path = Assignment_2UITests.swift; sourceTree = "<group>"; };
		05E1F46D2C28926000476B3D /* Assignment_2UITestsLaunchTests.swift */ = {isa = PBXFileReference; lastKnownFileType = sourcecode.swift; path = Assignment_2UITestsLaunchTests.swift; sourceTree = "<group>"; };
		05E1F47A2C28A40000476B3D /* SecondViewController.swift */ = {isa = PBXFileReference; lastKnownFileType = sourcecode.swift; path = SecondViewController.swift; sourceTree = "<group>"; };
		05E1F47C2C28B11F00476B3D /* CustomeTableViewCell.swift */ = {isa = PBXFileReference; lastKnownFileType = sourcecode.swift; path = CustomeTableViewCell.swift; sourceTree = "<group>"; };
		05E1F47E2C28C55200476B3D /* SpecialTableViewCell.swift */ = {isa = PBXFileReference; lastKnownFileType = sourcecode.swift; path = SpecialTableViewCell.swift; sourceTree = "<group>"; };
/* End PBXFileReference section */

/* Begin PBXFrameworksBuildPhase section */
		05E1F4442C28925F00476B3D /* Frameworks */ = {
			isa = PBXFrameworksBuildPhase;
			buildActionMask = 2147483647;
			files = (
			);
			runOnlyForDeploymentPostprocessing = 0;
		};
		05E1F45A2C28926000476B3D /* Frameworks */ = {
			isa = PBXFrameworksBuildPhase;
			buildActionMask = 2147483647;
			files = (
			);
			runOnlyForDeploymentPostprocessing = 0;
		};
		05E1F4642C28926000476B3D /* Frameworks */ = {
			isa = PBXFrameworksBuildPhase;
			buildActionMask = 2147483647;
			files = (
			);
			runOnlyForDeploymentPostprocessing = 0;
		};
/* End PBXFrameworksBuildPhase section */

/* Begin PBXGroup section */
		05E1F43E2C28925F00476B3D = {
			isa = PBXGroup;
			children = (
				05E1F4492C28925F00476B3D /* Assignment_2 */,
				05E1F4602C28926000476B3D /* Assignment_2Tests */,
				05E1F46A2C28926000476B3D /* Assignment_2UITests */,
				05E1F4482C28925F00476B3D /* Products */,
			);
			sourceTree = "<group>";
		};
		05E1F4482C28925F00476B3D /* Products */ = {
			isa = PBXGroup;
			children = (
				05E1F4472C28925F00476B3D /* Assignment_2.app */,
				05E1F45D2C28926000476B3D /* Assignment_2Tests.xctest */,
				05E1F4672C28926000476B3D /* Assignment_2UITests.xctest */,
			);
			name = Products;
			sourceTree = "<group>";
		};
		05E1F4492C28925F00476B3D /* Assignment_2 */ = {
			isa = PBXGroup;
			children = (
				05E1F44A2C28925F00476B3D /* AppDelegate.swift */,
				05E1F44C2C28925F00476B3D /* SceneDelegate.swift */,
				05E1F44E2C28925F00476B3D /* ViewController.swift */,
				05E1F47E2C28C55200476B3D /* SpecialTableViewCell.swift */,
				05E1F47A2C28A40000476B3D /* SecondViewController.swift */,
				05E1F47C2C28B11F00476B3D /* CustomeTableViewCell.swift */,
				05E1F4502C28925F00476B3D /* Main.storyboard */,
				05E1F4532C28926000476B3D /* Assets.xcassets */,
				05E1F4552C28926000476B3D /* LaunchScreen.storyboard */,
				05E1F4582C28926000476B3D /* Info.plist */,
			);
			path = Assignment_2;
			sourceTree = "<group>";
		};
		05E1F4602C28926000476B3D /* Assignment_2Tests */ = {
			isa = PBXGroup;
			children = (
				05E1F4612C28926000476B3D /* Assignment_2Tests.swift */,
			);
			path = Assignment_2Tests;
			sourceTree = "<group>";
		};
		05E1F46A2C28926000476B3D /* Assignment_2UITests */ = {
			isa = PBXGroup;
			children = (
				05E1F46B2C28926000476B3D /* Assignment_2UITests.swift */,
				05E1F46D2C28926000476B3D /* Assignment_2UITestsLaunchTests.swift */,
			);
			path = Assignment_2UITests;
			sourceTree = "<group>";
		};
/* End PBXGroup section */

/* Begin PBXNativeTarget section */
		05E1F4462C28925F00476B3D /* Assignment_2 */ = {
			isa = PBXNativeTarget;
			buildConfigurationList = 05E1F4712C28926000476B3D /* Build configuration list for PBXNativeTarget "Assignment_2" */;
			buildPhases = (
				05E1F4432C28925F00476B3D /* Sources */,
				05E1F4442C28925F00476B3D /* Frameworks */,
				05E1F4452C28925F00476B3D /* Resources */,
			);
			buildRules = (
			);
			dependencies = (
			);
			name = Assignment_2;
			productName = Assignment_2;
			productReference = 05E1F4472C28925F00476B3D /* Assignment_2.app */;
			productType = "com.apple.product-type.application";
		};
		05E1F45C2C28926000476B3D /* Assignment_2Tests */ = {
			isa = PBXNativeTarget;
			buildConfigurationList = 05E1F4742C28926000476B3D /* Build configuration list for PBXNativeTarget "Assignment_2Tests" */;
			buildPhases = (
				05E1F4592C28926000476B3D /* Sources */,
				05E1F45A2C28926000476B3D /* Frameworks */,
				05E1F45B2C28926000476B3D /* Resources */,
			);
			buildRules = (
			);
			dependencies = (
				05E1F45F2C28926000476B3D /* PBXTargetDependency */,
			);
			name = Assignment_2Tests;
			productName = Assignment_2Tests;
			productReference = 05E1F45D2C28926000476B3D /* Assignment_2Tests.xctest */;
			productType = "com.apple.product-type.bundle.unit-test";
		};
		05E1F4662C28926000476B3D /* Assignment_2UITests */ = {
			isa = PBXNativeTarget;
			buildConfigurationList = 05E1F4772C28926000476B3D /* Build configuration list for PBXNativeTarget "Assignment_2UITests" */;
			buildPhases = (
				05E1F4632C28926000476B3D /* Sources */,
				05E1F4642C28926000476B3D /* Frameworks */,
				05E1F4652C28926000476B3D /* Resources */,
			);
			buildRules = (
			);
			dependencies = (
				05E1F4692C28926000476B3D /* PBXTargetDependency */,
			);
			name = Assignment_2UITests;
			productName = Assignment_2UITests;
			productReference = 05E1F4672C28926000476B3D /* Assignment_2UITests.xctest */;
			productType = "com.apple.product-type.bundle.ui-testing";
		};
/* End PBXNativeTarget section */

/* Begin PBXProject section */
		05E1F43F2C28925F00476B3D /* Project object */ = {
			isa = PBXProject;
			attributes = {
				BuildIndependentTargetsInParallel = 1;
				LastSwiftUpdateCheck = 1530;
				LastUpgradeCheck = 1530;
				TargetAttributes = {
					05E1F4462C28925F00476B3D = {
						CreatedOnToolsVersion = 15.3;
					};
					05E1F45C2C28926000476B3D = {
						CreatedOnToolsVersion = 15.3;
						TestTargetID = 05E1F4462C28925F00476B3D;
					};
					05E1F4662C28926000476B3D = {
						CreatedOnToolsVersion = 15.3;
						TestTargetID = 05E1F4462C28925F00476B3D;
					};
				};
			};
			buildConfigurationList = 05E1F4422C28925F00476B3D /* Build configuration list for PBXProject "Assignment_2" */;
			compatibilityVersion = "Xcode 14.0";
			developmentRegion = en;
			hasScannedForEncodings = 0;
			knownRegions = (
				en,
				Base,
			);
			mainGroup = 05E1F43E2C28925F00476B3D;
			productRefGroup = 05E1F4482C28925F00476B3D /* Products */;
			projectDirPath = "";
			projectRoot = "";
			targets = (
				05E1F4462C28925F00476B3D /* Assignment_2 */,
				05E1F45C2C28926000476B3D /* Assignment_2Tests */,
				05E1F4662C28926000476B3D /* Assignment_2UITests */,
			);
		};
/* End PBXProject section */

/* Begin PBXResourcesBuildPhase section */
		05E1F4452C28925F00476B3D /* Resources */ = {
			isa = PBXResourcesBuildPhase;
			buildActionMask = 2147483647;
			files = (
				05E1F4542C28926000476B3D /* Assets.xcassets in Resources */,
				05E1F4572C28926000476B3D /* Base in Resources */,
				05E1F4522C28925F00476B3D /* Base in Resources */,
			);
			runOnlyForDeploymentPostprocessing = 0;
		};
		05E1F45B2C28926000476B3D /* Resources */ = {
			isa = PBXResourcesBuildPhase;
			buildActionMask = 2147483647;
			files = (
			);
			runOnlyForDeploymentPostprocessing = 0;
		};
		05E1F4652C28926000476B3D /* Resources */ = {
			isa = PBXResourcesBuildPhase;
			buildActionMask = 2147483647;
			files = (
			);
			runOnlyForDeploymentPostprocessing = 0;
		};
/* End PBXResourcesBuildPhase section */

/* Begin PBXSourcesBuildPhase section */
		05E1F4432C28925F00476B3D /* Sources */ = {
			isa = PBXSourcesBuildPhase;
			buildActionMask = 2147483647;
			files = (
				05E1F47B2C28A40000476B3D /* SecondViewController.swift in Sources */,
				05E1F47F2C28C55200476B3D /* SpecialTableViewCell.swift in Sources */,
				05E1F44F2C28925F00476B3D /* ViewController.swift in Sources */,
				05E1F44B2C28925F00476B3D /* AppDelegate.swift in Sources */,
				05E1F44D2C28925F00476B3D /* SceneDelegate.swift in Sources */,
				05E1F47D2C28B11F00476B3D /* CustomeTableViewCell.swift in Sources */,
			);
			runOnlyForDeploymentPostprocessing = 0;
		};
		05E1F4592C28926000476B3D /* Sources */ = {
			isa = PBXSourcesBuildPhase;
			buildActionMask = 2147483647;
			files = (
				05E1F4622C28926000476B3D /* Assignment_2Tests.swift in Sources */,
			);
			runOnlyForDeploymentPostprocessing = 0;
		};
		05E1F4632C28926000476B3D /* Sources */ = {
			isa = PBXSourcesBuildPhase;
			buildActionMask = 2147483647;
			files = (
				05E1F46E2C28926000476B3D /* Assignment_2UITestsLaunchTests.swift in Sources */,
				05E1F46C2C28926000476B3D /* Assignment_2UITests.swift in Sources */,
			);
			runOnlyForDeploymentPostprocessing = 0;
		};
/* End PBXSourcesBuildPhase section */

/* Begin PBXTargetDependency section */
		05E1F45F2C28926000476B3D /* PBXTargetDependency */ = {
			isa = PBXTargetDependency;
			target = 05E1F4462C28925F00476B3D /* Assignment_2 */;
			targetProxy = 05E1F45E2C28926000476B3D /* PBXContainerItemProxy */;
		};
		05E1F4692C28926000476B3D /* PBXTargetDependency */ = {
			isa = PBXTargetDependency;
			target = 05E1F4462C28925F00476B3D /* Assignment_2 */;
			targetProxy = 05E1F4682C28926000476B3D /* PBXContainerItemProxy */;
		};
/* End PBXTargetDependency section */

/* Begin PBXVariantGroup section */
		05E1F4502C28925F00476B3D /* Main.storyboard */ = {
			isa = PBXVariantGroup;
			children = (
				05E1F4512C28925F00476B3D /* Base */,
			);
			name = Main.storyboard;
			sourceTree = "<group>";
		};
		05E1F4552C28926000476B3D /* LaunchScreen.storyboard */ = {
			isa = PBXVariantGroup;
			children = (
				05E1F4562C28926000476B3D /* Base */,
			);
			name = LaunchScreen.storyboard;
			sourceTree = "<group>";
		};
/* End PBXVariantGroup section */

/* Begin XCBuildConfiguration section */
		05E1F46F2C28926000476B3D /* Debug */ = {
			isa = XCBuildConfiguration;
			buildSettings = {
				ALWAYS_SEARCH_USER_PATHS = NO;
				ASSETCATALOG_COMPILER_GENERATE_SWIFT_ASSET_SYMBOL_EXTENSIONS = YES;
				CLANG_ANALYZER_NONNULL = YES;
				CLANG_ANALYZER_NUMBER_OBJECT_CONVERSION = YES_AGGRESSIVE;
				CLANG_CXX_LANGUAGE_STANDARD = "gnu++20";
				CLANG_ENABLE_MODULES = YES;
				CLANG_ENABLE_OBJC_ARC = YES;
				CLANG_ENABLE_OBJC_WEAK = YES;
				CLANG_WARN_BLOCK_CAPTURE_AUTORELEASING = YES;
				CLANG_WARN_BOOL_CONVERSION = YES;
				CLANG_WARN_COMMA = YES;
				CLANG_WARN_CONSTANT_CONVERSION = YES;
				CLANG_WARN_DEPRECATED_OBJC_IMPLEMENTATIONS = YES;
				CLANG_WARN_DIRECT_OBJC_ISA_USAGE = YES_ERROR;
				CLANG_WARN_DOCUMENTATION_COMMENTS = YES;
				CLANG_WARN_EMPTY_BODY = YES;
				CLANG_WARN_ENUM_CONVERSION = YES;
				CLANG_WARN_INFINITE_RECURSION = YES;
				CLANG_WARN_INT_CONVERSION = YES;
				CLANG_WARN_NON_LITERAL_NULL_CONVERSION = YES;
				CLANG_WARN_OBJC_IMPLICIT_RETAIN_SELF = YES;
				CLANG_WARN_OBJC_LITERAL_CONVERSION = YES;
				CLANG_WARN_OBJC_ROOT_CLASS = YES_ERROR;
				CLANG_WARN_QUOTED_INCLUDE_IN_FRAMEWORK_HEADER = YES;
				CLANG_WARN_RANGE_LOOP_ANALYSIS = YES;
				CLANG_WARN_STRICT_PROTOTYPES = YES;
				CLANG_WARN_SUSPICIOUS_MOVE = YES;
				CLANG_WARN_UNGUARDED_AVAILABILITY = YES_AGGRESSIVE;
				CLANG_WARN_UNREACHABLE_CODE = YES;
				CLANG_WARN__DUPLICATE_METHOD_MATCH = YES;
				COPY_PHASE_STRIP = NO;
				DEBUG_INFORMATION_FORMAT = dwarf;
				ENABLE_STRICT_OBJC_MSGSEND = YES;
				ENABLE_TESTABILITY = YES;
				ENABLE_USER_SCRIPT_SANDBOXING = YES;
				GCC_C_LANGUAGE_STANDARD = gnu17;
				GCC_DYNAMIC_NO_PIC = NO;
				GCC_NO_COMMON_BLOCKS = YES;
				GCC_OPTIMIZATION_LEVEL = 0;
				GCC_PREPROCESSOR_DEFINITIONS = (
					"DEBUG=1",
					"$(inherited)",
				);
				GCC_WARN_64_TO_32_BIT_CONVERSION = YES;
				GCC_WARN_ABOUT_RETURN_TYPE = YES_ERROR;
				GCC_WARN_UNDECLARED_SELECTOR = YES;
				GCC_WARN_UNINITIALIZED_AUTOS = YES_AGGRESSIVE;
				GCC_WARN_UNUSED_FUNCTION = YES;
				GCC_WARN_UNUSED_VARIABLE = YES;
				IPHONEOS_DEPLOYMENT_TARGET = 17.4;
				LOCALIZATION_PREFERS_STRING_CATALOGS = YES;
				MTL_ENABLE_DEBUG_INFO = INCLUDE_SOURCE;
				MTL_FAST_MATH = YES;
				ONLY_ACTIVE_ARCH = YES;
				SDKROOT = iphoneos;
				SWIFT_ACTIVE_COMPILATION_CONDITIONS = "DEBUG $(inherited)";
				SWIFT_OPTIMIZATION_LEVEL = "-Onone";
			};
			name = Debug;
		};
		05E1F4702C28926000476B3D /* Release */ = {
			isa = XCBuildConfiguration;
			buildSettings = {
				ALWAYS_SEARCH_USER_PATHS = NO;
				ASSETCATALOG_COMPILER_GENERATE_SWIFT_ASSET_SYMBOL_EXTENSIONS = YES;
				CLANG_ANALYZER_NONNULL = YES;
				CLANG_ANALYZER_NUMBER_OBJECT_CONVERSION = YES_AGGRESSIVE;
				CLANG_CXX_LANGUAGE_STANDARD = "gnu++20";
				CLANG_ENABLE_MODULES = YES;
				CLANG_ENABLE_OBJC_ARC = YES;
				CLANG_ENABLE_OBJC_WEAK = YES;
				CLANG_WARN_BLOCK_CAPTURE_AUTORELEASING = YES;
				CLANG_WARN_BOOL_CONVERSION = YES;
				CLANG_WARN_COMMA = YES;
				CLANG_WARN_CONSTANT_CONVERSION = YES;
				CLANG_WARN_DEPRECATED_OBJC_IMPLEMENTATIONS = YES;
				CLANG_WARN_DIRECT_OBJC_ISA_USAGE = YES_ERROR;
				CLANG_WARN_DOCUMENTATION_COMMENTS = YES;
				CLANG_WARN_EMPTY_BODY = YES;
				CLANG_WARN_ENUM_CONVERSION = YES;
				CLANG_WARN_INFINITE_RECURSION = YES;
				CLANG_WARN_INT_CONVERSION = YES;
				CLANG_WARN_NON_LITERAL_NULL_CONVERSION = YES;
				CLANG_WARN_OBJC_IMPLICIT_RETAIN_SELF = YES;
				CLANG_WARN_OBJC_LITERAL_CONVERSION = YES;
				CLANG_WARN_OBJC_ROOT_CLASS = YES_ERROR;
				CLANG_WARN_QUOTED_INCLUDE_IN_FRAMEWORK_HEADER = YES;
				CLANG_WARN_RANGE_LOOP_ANALYSIS = YES;
				CLANG_WARN_STRICT_PROTOTYPES = YES;
				CLANG_WARN_SUSPICIOUS_MOVE = YES;
				CLANG_WARN_UNGUARDED_AVAILABILITY = YES_AGGRESSIVE;
				CLANG_WARN_UNREACHABLE_CODE = YES;
				CLANG_WARN__DUPLICATE_METHOD_MATCH = YES;
				COPY_PHASE_STRIP = NO;
				DEBUG_INFORMATION_FORMAT = "dwarf-with-dsym";
				ENABLE_NS_ASSERTIONS = NO;
				ENABLE_STRICT_OBJC_MSGSEND = YES;
				ENABLE_USER_SCRIPT_SANDBOXING = YES;
				GCC_C_LANGUAGE_STANDARD = gnu17;
				GCC_NO_COMMON_BLOCKS = YES;
				GCC_WARN_64_TO_32_BIT_CONVERSION = YES;
				GCC_WARN_ABOUT_RETURN_TYPE = YES_ERROR;
				GCC_WARN_UNDECLARED_SELECTOR = YES;
				GCC_WARN_UNINITIALIZED_AUTOS = YES_AGGRESSIVE;
				GCC_WARN_UNUSED_FUNCTION = YES;
				GCC_WARN_UNUSED_VARIABLE = YES;
				IPHONEOS_DEPLOYMENT_TARGET = 17.4;
				LOCALIZATION_PREFERS_STRING_CATALOGS = YES;
				MTL_ENABLE_DEBUG_INFO = NO;
				MTL_FAST_MATH = YES;
				SDKROOT = iphoneos;
				SWIFT_COMPILATION_MODE = wholemodule;
				VALIDATE_PRODUCT = YES;
			};
			name = Release;
		};
		05E1F4722C28926000476B3D /* Debug */ = {
			isa = XCBuildConfiguration;
			buildSettings = {
				ASSETCATALOG_COMPILER_APPICON_NAME = AppIcon;
				ASSETCATALOG_COMPILER_GLOBAL_ACCENT_COLOR_NAME = AccentColor;
				CODE_SIGN_STYLE = Automatic;
				CURRENT_PROJECT_VERSION = 1;
				GENERATE_INFOPLIST_FILE = YES;
				INFOPLIST_FILE = Assignment_2/Info.plist;
				INFOPLIST_KEY_UIApplicationSupportsIndirectInputEvents = YES;
				INFOPLIST_KEY_UILaunchStoryboardName = LaunchScreen;
				INFOPLIST_KEY_UIMainStoryboardFile = Main;
				INFOPLIST_KEY_UISupportedInterfaceOrientations_iPad = "UIInterfaceOrientationPortrait UIInterfaceOrientationPortraitUpsideDown UIInterfaceOrientationLandscapeLeft UIInterfaceOrientationLandscapeRight";
				INFOPLIST_KEY_UISupportedInterfaceOrientations_iPhone = "UIInterfaceOrientationPortrait UIInterfaceOrientationLandscapeLeft UIInterfaceOrientationLandscapeRight";
				IPHONEOS_DEPLOYMENT_TARGET = 16.0;
				LD_RUNPATH_SEARCH_PATHS = (
					"$(inherited)",
					"@executable_path/Frameworks",
				);
				MARKETING_VERSION = 1.0;
				PRODUCT_BUNDLE_IDENTIFIER = "mayankmalviya2169-gmail.com.Assignment-2";
				PRODUCT_NAME = "$(TARGET_NAME)";
				SWIFT_EMIT_LOC_STRINGS = YES;
				SWIFT_VERSION = 5.0;
				TARGETED_DEVICE_FAMILY = "1,2";
			};
			name = Debug;
		};
		05E1F4732C28926000476B3D /* Release */ = {
			isa = XCBuildConfiguration;
			buildSettings = {
				ASSETCATALOG_COMPILER_APPICON_NAME = AppIcon;
				ASSETCATALOG_COMPILER_GLOBAL_ACCENT_COLOR_NAME = AccentColor;
				CODE_SIGN_STYLE = Automatic;
				CURRENT_PROJECT_VERSION = 1;
				GENERATE_INFOPLIST_FILE = YES;
				INFOPLIST_FILE = Assignment_2/Info.plist;
				INFOPLIST_KEY_UIApplicationSupportsIndirectInputEvents = YES;
				INFOPLIST_KEY_UILaunchStoryboardName = LaunchScreen;
				INFOPLIST_KEY_UIMainStoryboardFile = Main;
				INFOPLIST_KEY_UISupportedInterfaceOrientations_iPad = "UIInterfaceOrientationPortrait UIInterfaceOrientationPortraitUpsideDown UIInterfaceOrientationLandscapeLeft UIInterfaceOrientationLandscapeRight";
				INFOPLIST_KEY_UISupportedInterfaceOrientations_iPhone = "UIInterfaceOrientationPortrait UIInterfaceOrientationLandscapeLeft UIInterfaceOrientationLandscapeRight";
				IPHONEOS_DEPLOYMENT_TARGET = 16.0;
				LD_RUNPATH_SEARCH_PATHS = (
					"$(inherited)",
					"@executable_path/Frameworks",
				);
				MARKETING_VERSION = 1.0;
				PRODUCT_BUNDLE_IDENTIFIER = "mayankmalviya2169-gmail.com.Assignment-2";
				PRODUCT_NAME = "$(TARGET_NAME)";
				SWIFT_EMIT_LOC_STRINGS = YES;
				SWIFT_VERSION = 5.0;
				TARGETED_DEVICE_FAMILY = "1,2";
			};
			name = Release;
		};
		05E1F4752C28926000476B3D /* Debug */ = {
			isa = XCBuildConfiguration;
			buildSettings = {
				ALWAYS_EMBED_SWIFT_STANDARD_LIBRARIES = YES;
				BUNDLE_LOADER = "$(TEST_HOST)";
				CODE_SIGN_STYLE = Automatic;
				CURRENT_PROJECT_VERSION = 1;
				GENERATE_INFOPLIST_FILE = YES;
				IPHONEOS_DEPLOYMENT_TARGET = 17.4;
				MARKETING_VERSION = 1.0;
				PRODUCT_BUNDLE_IDENTIFIER = "mayankmalviya2169-gmail.com.Assignment-2Tests";
				PRODUCT_NAME = "$(TARGET_NAME)";
				SWIFT_EMIT_LOC_STRINGS = NO;
				SWIFT_VERSION = 5.0;
				TARGETED_DEVICE_FAMILY = "1,2";
				TEST_HOST = "$(BUILT_PRODUCTS_DIR)/Assignment_2.app/$(BUNDLE_EXECUTABLE_FOLDER_PATH)/Assignment_2";
			};
			name = Debug;
		};
		05E1F4762C28926000476B3D /* Release */ = {
			isa = XCBuildConfiguration;
			buildSettings = {
				ALWAYS_EMBED_SWIFT_STANDARD_LIBRARIES = YES;
				BUNDLE_LOADER = "$(TEST_HOST)";
				CODE_SIGN_STYLE = Automatic;
				CURRENT_PROJECT_VERSION = 1;
				GENERATE_INFOPLIST_FILE = YES;
				IPHONEOS_DEPLOYMENT_TARGET = 17.4;
				MARKETING_VERSION = 1.0;
				PRODUCT_BUNDLE_IDENTIFIER = "mayankmalviya2169-gmail.com.Assignment-2Tests";
				PRODUCT_NAME = "$(TARGET_NAME)";
				SWIFT_EMIT_LOC_STRINGS = NO;
				SWIFT_VERSION = 5.0;
				TARGETED_DEVICE_FAMILY = "1,2";
				TEST_HOST = "$(BUILT_PRODUCTS_DIR)/Assignment_2.app/$(BUNDLE_EXECUTABLE_FOLDER_PATH)/Assignment_2";
			};
			name = Release;
		};
		05E1F4782C28926000476B3D /* Debug */ = {
			isa = XCBuildConfiguration;
			buildSettings = {
				ALWAYS_EMBED_SWIFT_STANDARD_LIBRARIES = YES;
				CODE_SIGN_STYLE = Automatic;
				CURRENT_PROJECT_VERSION = 1;
				GENERATE_INFOPLIST_FILE = YES;
				MARKETING_VERSION = 1.0;
				PRODUCT_BUNDLE_IDENTIFIER = "mayankmalviya2169-gmail.com.Assignment-2UITests";
				PRODUCT_NAME = "$(TARGET_NAME)";
				SWIFT_EMIT_LOC_STRINGS = NO;
				SWIFT_VERSION = 5.0;
				TARGETED_DEVICE_FAMILY = "1,2";
				TEST_TARGET_NAME = Assignment_2;
			};
			name = Debug;
		};
		05E1F4792C28926000476B3D /* Release */ = {
			isa = XCBuildConfiguration;
			buildSettings = {
				ALWAYS_EMBED_SWIFT_STANDARD_LIBRARIES = YES;
				CODE_SIGN_STYLE = Automatic;
				CURRENT_PROJECT_VERSION = 1;
				GENERATE_INFOPLIST_FILE = YES;
				MARKETING_VERSION = 1.0;
				PRODUCT_BUNDLE_IDENTIFIER = "mayankmalviya2169-gmail.com.Assignment-2UITests";
				PRODUCT_NAME = "$(TARGET_NAME)";
				SWIFT_EMIT_LOC_STRINGS = NO;
				SWIFT_VERSION = 5.0;
				TARGETED_DEVICE_FAMILY = "1,2";
				TEST_TARGET_NAME = Assignment_2;
			};
			name = Release;
		};
/* End XCBuildConfiguration section */

/* Begin XCConfigurationList section */
		05E1F4422C28925F00476B3D /* Build configuration list for PBXProject "Assignment_2" */ = {
			isa = XCConfigurationList;
			buildConfigurations = (
				05E1F46F2C28926000476B3D /* Debug */,
				05E1F4702C28926000476B3D /* Release */,
			);
			defaultConfigurationIsVisible = 0;
			defaultConfigurationName = Release;
		};
		05E1F4712C28926000476B3D /* Build configuration list for PBXNativeTarget "Assignment_2" */ = {
			isa = XCConfigurationList;
			buildConfigurations = (
				05E1F4722C28926000476B3D /* Debug */,
				05E1F4732C28926000476B3D /* Release */,
			);
			defaultConfigurationIsVisible = 0;
			defaultConfigurationName = Release;
		};
		05E1F4742C28926000476B3D /* Build configuration list for PBXNativeTarget "Assignment_2Tests" */ = {
			isa = XCConfigurationList;
			buildConfigurations = (
				05E1F4752C28926000476B3D /* Debug */,
				05E1F4762C28926000476B3D /* Release */,
			);
			defaultConfigurationIsVisible = 0;
			defaultConfigurationName = Release;
		};
		05E1F4772C28926000476B3D /* Build configuration list for PBXNativeTarget "Assignment_2UITests" */ = {
			isa = XCConfigurationList;
			buildConfigurations = (
				05E1F4782C28926000476B3D /* Debug */,
				05E1F4792C28926000476B3D /* Release */,
			);
			defaultConfigurationIsVisible = 0;
			defaultConfigurationName = Release;
		};
/* End XCConfigurationList section */
	};
	rootObject = 05E1F43F2C28925F00476B3D /* Project object */;
}
